
Microsoft Visual Studio Solution File, Format Version 12.00
Project("{FAE04EC0-301F-11D3-BF4B-00C04F79EFBC}") = "QueryExpression", "QueryExpression.csproj", "{A931C5F4-9F4D-4E27-92FE-60C98BE05930}"
EndProject
Global
	GlobalSection(SolutionConfigurationPlatforms) = preSolution
		Debug|Any CPU = Debug|Any CPU
		Release|Any CPU = Release|Any CPU
	EndGlobalSection
	GlobalSection(ProjectConfigurationPlatforms) = postSolution
		{A931C5F4-9F4D-4E27-92FE-60C98BE05930}.Debug|Any CPU.ActiveCfg = Debug|Any CPU
		{A931C5F4-9F4D-4E27-92FE-60C98BE05930}.Debug|Any CPU.Build.0 = Debug|Any CPU
		{A931C5F4-9F4D-4E27-92FE-60C98BE05930}.Release|Any CPU.ActiveCfg = Release|Any CPU
		{A931C5F4-9F4D-4E27-92FE-60C98BE05930}.Release|Any CPU.Build.0 = Release|Any CPU
	EndGlobalSection
EndGlobal
